<?xml version="1.0" encoding="utf-8"?>
<Project ToolsVersion="4.0" xmlns="http://schemas.microsoft.com/developer/msbuild/2003">
  <ItemGroup>
    <Filter Include="Source Files">
      <UniqueIdentifier>{4FC737F1-C7A5-4376-A066-2A32D752A2FF}</UniqueIdentifier>
      <Extensions>cpp;c;cc;cxx;def;odl;idl;hpj;bat;asm;asmx</Extensions>
    </Filter>
    <Filter Include="Header Files">
      <UniqueIdentifier>{93995380-89BD-4b04-88EB-625FBE52EBFB}</UniqueIdentifier>
      <Extensions>h;hh;hpp;hxx;hm;inl;inc;xsd</Extensions>
    </Filter>
    <Filter Include="Resource Files">
      <UniqueIdentifier>{67DA6AB6-F800-4c08-8B7A-83BB121AAD01}</UniqueIdentifier>
      <Extensions>rc;ico;cur;bmp;dlg;rc2;rct;bin;rgs;gif;jpg;jpeg;jpe;resx;tiff;tif;png;wav;mfcribbon-ms</Extensions>
    </Filter>
    <Filter Include="Source Files\core">
      <UniqueIdentifier>{ac18a02f-f3f2-40ef-b9b4-52bfff033564}</UniqueIdentifier>
    </Filter>
    <Filter Include="Source Files\Ent">
      <UniqueIdentifier>{ec2c3cf6-4439-443c-8562-c17e7a1e6ad8}</UniqueIdentifier>
    </Filter>
    <Filter Include="Header Files\functional">
      <UniqueIdentifier>{f3f78bc1-875b-44aa-a6a7-f364b5a8fa3f}</UniqueIdentifier>
    </Filter>
    <Filter Include="Source Files\core\ui">
      <UniqueIdentifier>{be6823f5-835f-4838-b733-9c9440b4cd7e}</UniqueIdentifier>
    </Filter>
    <Filter Include="Source Files\core\ui\menu">
      <UniqueIdentifier>{80b5b108-d933-40ca-bbaa-c4da77d95e1c}</UniqueIdentifier>
    </Filter>
  </ItemGroup>
  <ItemGroup>
    <ClInclude Include="source\core\libraries\sfwdraw.h">
      <Filter>Header Files</Filter>
    </ClInclude>
    <ClInclude Include="source\core\ui\input.h">
      <Filter>Header Files</Filter>
    </ClInclude>
    <ClInclude Include="source\core\ui\ui.h">
      <Filter>Header Files</Filter>
    </ClInclude>
    <ClInclude Include="source\core\math.h">
      <Filter>Header Files</Filter>
    </ClInclude>
    <ClInclude Include="source\core\ent\ent.h">
      <Filter>Header Files</Filter>
    </ClInclude>
    <ClInclude Include="source\core\fileio\fileio.h">
      <Filter>Header Files</Filter>
    </ClInclude>
    <ClInclude Include="source\core\Game\game.h">
      <Filter>Header Files</Filter>
    </ClInclude>
    <ClInclude Include="Header.h">
      <Filter>Header Files</Filter>
    </ClInclude>
  </ItemGroup>
  <ItemGroup>
    <ClCompile Include="source\core\ent\ent.cpp">
      <Filter>Source Files</Filter>
    </ClCompile>
    <ClCompile Include="source\core\ent\entBuild.cpp">
      <Filter>Source Files</Filter>
    </ClCompile>
    <ClCompile Include="source\core\ent\entUnit.cpp">
      <Filter>Source Files</Filter>
    </ClCompile>
    <ClCompile Include="source\core\ui\input.cpp">
      <Filter>Source Files</Filter>
    </ClCompile>
    <ClCompile Include="source\core\ui\ui.cpp">
      <Filter>Source Files</Filter>
    </ClCompile>
    <ClCompile Include="source\core\main.cpp">
      <Filter>Source Files</Filter>
    </ClCompile>
    <ClCompile Include="source\core\ui\menu.cpp">
      <Filter>Source Files</Filter>
    </ClCompile>
    <ClCompile Include="source\core\ui\overlay.cpp">
      <Filter>Source Files</Filter>
    </ClCompile>
    <ClCompile Include="source\core\fileio\save.cpp">
      <Filter>Source Files</Filter>
    </ClCompile>
    <ClCompile Include="source\core\MATH.cpp">
      <Filter>Source Files</Filter>
    </ClCompile>
    <ClCompile Include="source\core\Game\AI.cpp">
      <Filter>Source Files</Filter>
    </ClCompile>
    <ClCompile Include="source\core\Game\Generate.cpp">
      <Filter>Source Files</Filter>
    </ClCompile>
    <ClCompile Include="source\core\ent\entBullet.cpp">
      <Filter>Source Files</Filter>
    </ClCompile>
    <ClCompile Include="source\core\Game\player.cpp">
      <Filter>Source Files</Filter>
    </ClCompile>
  </ItemGroup>
  <ItemGroup>
    <Library Include="source\core\libraries\sfw.lib" />
  </ItemGroup>
</Project>